
Microsoft Visual Studio Solution File, Format Version 12.00
# Visual Studio Version 17
VisualStudioVersion = 17.14.36414.22 d17.14
MinimumVisualStudioVersion = 10.0.40219.1
Project("{8BC9CEB8-8B4A-11D0-8D11-00A0C91BC942}") = "basis programeren week2", "basis programeren week2.vcxproj", "{83445B3B-027B-4B96-BF2C-E55CE769E5BE}"
EndProject
Global
	GlobalSection(SolutionConfigurationPlatforms) = preSolution
		Debug|x64 = Debug|x64
		Debug|x86 = Debug|x86
		Release|x64 = Release|x64
		Release|x86 = Release|x86
	EndGlobalSection
	GlobalSection(ProjectConfigurationPlatforms) = postSolution
		{83445B3B-027B-4B96-BF2C-E55CE769E5BE}.Debug|x64.ActiveCfg = Debug|x64
		{83445B3B-027B-4B96-BF2C-E55CE769E5BE}.Debug|x64.Build.0 = Debug|x64
		{83445B3B-027B-4B96-BF2C-E55CE769E5BE}.Debug|x86.ActiveCfg = Debug|Win32
		{83445B3B-027B-4B96-BF2C-E55CE769E5BE}.Debug|x86.Build.0 = Debug|Win32
		{83445B3B-027B-4B96-BF2C-E55CE769E5BE}.Release|x64.ActiveCfg = Release|x64
		{83445B3B-027B-4B96-BF2C-E55CE769E5BE}.Release|x64.Build.0 = Release|x64
		{83445B3B-027B-4B96-BF2C-E55CE769E5BE}.Release|x86.ActiveCfg = Release|Win32
		{83445B3B-027B-4B96-BF2C-E55CE769E5BE}.Release|x86.Build.0 = Release|Win32
	EndGlobalSection
	GlobalSection(SolutionProperties) = preSolution
		HideSolutionNode = FALSE
	EndGlobalSection
	GlobalSection(ExtensibilityGlobals) = postSolution
		SolutionGuid = {4F5C5140-C737-448C-B064-1B4ADB8231DC}
	EndGlobalSection
EndGlobal
